
Microsoft Visual Studio Solution File, Format Version 12.00
# Visual Studio Version 17
VisualStudioVersion = 17.2.32630.192
MinimumVisualStudioVersion = 10.0.40219.1
Project("{FAE04EC0-301F-11D3-BF4B-00C04F79EFBC}") = "ParallelRadixSort", "ParallelRadixSort.csproj", "{230F9816-CD33-4A89-B901-E2C727A981F0}"
EndProject
Global
	GlobalSection(SolutionConfigurationPlatforms) = preSolution
		Debug|Any CPU = Debug|Any CPU
		Release|Any CPU = Release|Any CPU
	EndGlobalSection
	GlobalSection(ProjectConfigurationPlatforms) = postSolution
		{230F9816-CD33-4A89-B901-E2C727A981F0}.Debug|Any CPU.ActiveCfg = Debug|Any CPU
		{230F9816-CD33-4A89-B901-E2C727A981F0}.Debug|Any CPU.Build.0 = Debug|Any CPU
		{230F9816-CD33-4A89-B901-E2C727A981F0}.Release|Any CPU.ActiveCfg = Release|Any CPU
		{230F9816-CD33-4A89-B901-E2C727A981F0}.Release|Any CPU.Build.0 = Release|Any CPU
	EndGlobalSection
	GlobalSection(SolutionProperties) = preSolution
		HideSolutionNode = FALSE
	EndGlobalSection
	GlobalSection(ExtensibilityGlobals) = postSolution
		SolutionGuid = {8C296559-E5DA-4716-8990-BD72E39A54FC}
	EndGlobalSection
EndGlobal
